// !$*UTF8*$!
{
	archiveVersion = 1;
	classes = {
	};
	objectVersion = 55;
	objects = {

/* Begin PBXBuildFile section */
		63245C7328EFEB7700C0801C /* stack.cpp in Sources */ = {isa = PBXBuildFile; fileRef = 63245C7228EFEB7700C0801C /* stack.cpp */; };
		6365363C2A0E0B26004E7E65 /* macrom.cpp in Sources */ = {isa = PBXBuildFile; fileRef = 6365363B2A0E0B26004E7E65 /* macrom.cpp */; };
		638AF76128DEACE50092410C /* decode.cpp in Sources */ = {isa = PBXBuildFile; fileRef = 638AF75A28DEACE50092410C /* decode.cpp */; };
		638AF76228DEACE50092410C /* dictionary.cpp in Sources */ = {isa = PBXBuildFile; fileRef = 638AF75C28DEACE50092410C /* dictionary.cpp */; };
		638AF76328DEACE50092410C /* detok.cpp in Sources */ = {isa = PBXBuildFile; fileRef = 638AF75D28DEACE50092410C /* detok.cpp */; };
		638AF76428DEACE50092410C /* stream.cpp in Sources */ = {isa = PBXBuildFile; fileRef = 638AF75F28DEACE50092410C /* stream.cpp */; };
/* End PBXBuildFile section */

/* Begin PBXCopyFilesBuildPhase section */
		638AF74D28DEAC900092410C /* CopyFiles */ = {
			isa = PBXCopyFilesBuildPhase;
			buildActionMask = 2147483647;
			dstPath = /usr/share/man/man1/;
			dstSubfolderSpec = 0;
			files = (
			);
			runOnlyForDeploymentPostprocessing = 1;
		};
/* End PBXCopyFilesBuildPhase section */

/* Begin PBXFileReference section */
		63245C7128EFEB7700C0801C /* stack.h */ = {isa = PBXFileReference; fileEncoding = 4; lastKnownFileType = sourcecode.c.h; path = stack.h; sourceTree = "<group>"; };
		63245C7228EFEB7700C0801C /* stack.cpp */ = {isa = PBXFileReference; fileEncoding = 4; lastKnownFileType = sourcecode.cpp.cpp; path = stack.cpp; sourceTree = "<group>"; };
		6365363B2A0E0B26004E7E65 /* macrom.cpp */ = {isa = PBXFileReference; fileEncoding = 4; lastKnownFileType = sourcecode.cpp.cpp; path = macrom.cpp; sourceTree = "<group>"; };
		6365363D2A0E0B30004E7E65 /* macrom.h */ = {isa = PBXFileReference; lastKnownFileType = sourcecode.c.h; path = macrom.h; sourceTree = "<group>"; };
		638AF74F28DEAC900092410C /* detok */ = {isa = PBXFileReference; explicitFileType = "compiled.mach-o.executable"; includeInIndex = 0; path = detok; sourceTree = BUILT_PRODUCTS_DIR; };
		638AF75928DEACE50092410C /* detok.h */ = {isa = PBXFileReference; fileEncoding = 4; lastKnownFileType = sourcecode.c.h; path = detok.h; sourceTree = "<group>"; };
		638AF75A28DEACE50092410C /* decode.cpp */ = {isa = PBXFileReference; fileEncoding = 4; lastKnownFileType = sourcecode.cpp.cpp; path = decode.cpp; sourceTree = "<group>"; };
		638AF75B28DEACE50092410C /* decode.h */ = {isa = PBXFileReference; fileEncoding = 4; lastKnownFileType = sourcecode.c.h; path = decode.h; sourceTree = "<group>"; };
		638AF75C28DEACE50092410C /* dictionary.cpp */ = {isa = PBXFileReference; fileEncoding = 4; lastKnownFileType = sourcecode.cpp.cpp; path = dictionary.cpp; sourceTree = "<group>"; };
		638AF75D28DEACE50092410C /* detok.cpp */ = {isa = PBXFileReference; fileEncoding = 4; lastKnownFileType = sourcecode.cpp.cpp; path = detok.cpp; sourceTree = "<group>"; };
		638AF75E28DEACE50092410C /* dictionary.h */ = {isa = PBXFileReference; fileEncoding = 4; lastKnownFileType = sourcecode.c.h; path = dictionary.h; sourceTree = "<group>"; };
		638AF75F28DEACE50092410C /* stream.cpp */ = {isa = PBXFileReference; fileEncoding = 4; lastKnownFileType = sourcecode.cpp.cpp; path = stream.cpp; sourceTree = "<group>"; };
		638AF76028DEACE50092410C /* stream.h */ = {isa = PBXFileReference; fileEncoding = 4; lastKnownFileType = sourcecode.c.h; path = stream.h; sourceTree = "<group>"; };
/* End PBXFileReference section */

/* Begin PBXFrameworksBuildPhase section */
		638AF74C28DEAC900092410C /* Frameworks */ = {
			isa = PBXFrameworksBuildPhase;
			buildActionMask = 2147483647;
			files = (
			);
			runOnlyForDeploymentPostprocessing = 0;
		};
/* End PBXFrameworksBuildPhase section */

/* Begin PBXGroup section */
		638AF74628DEAC900092410C = {
			isa = PBXGroup;
			children = (
				638AF75128DEAC900092410C /* detok */,
				638AF75028DEAC900092410C /* Products */,
			);
			indentWidth = 4;
			sourceTree = "<group>";
			tabWidth = 4;
			usesTabs = 1;
		};
		638AF75028DEAC900092410C /* Products */ = {
			isa = PBXGroup;
			children = (
				638AF74F28DEAC900092410C /* detok */,
			);
			name = Products;
			sourceTree = "<group>";
		};
		638AF75128DEAC900092410C /* detok */ = {
			isa = PBXGroup;
			children = (
				638AF75A28DEACE50092410C /* decode.cpp */,
				638AF75B28DEACE50092410C /* decode.h */,
				638AF75D28DEACE50092410C /* detok.cpp */,
				638AF75928DEACE50092410C /* detok.h */,
				638AF75C28DEACE50092410C /* dictionary.cpp */,
				638AF75E28DEACE50092410C /* dictionary.h */,
				6365363B2A0E0B26004E7E65 /* macrom.cpp */,
				6365363D2A0E0B30004E7E65 /* macrom.h */,
				638AF75F28DEACE50092410C /* stream.cpp */,
				638AF76028DEACE50092410C /* stream.h */,
				63245C7228EFEB7700C0801C /* stack.cpp */,
				63245C7128EFEB7700C0801C /* stack.h */,
			);
			name = detok;
			sourceTree = "<group>";
		};
/* End PBXGroup section */

/* Begin PBXNativeTarget section */
		638AF74E28DEAC900092410C /* detok */ = {
			isa = PBXNativeTarget;
			buildConfigurationList = 638AF75628DEAC900092410C /* Build configuration list for PBXNativeTarget "detok" */;
			buildPhases = (
				638AF74B28DEAC900092410C /* Sources */,
				638AF74C28DEAC900092410C /* Frameworks */,
				638AF74D28DEAC900092410C /* CopyFiles */,
			);
			buildRules = (
			);
			dependencies = (
			);
			name = detok;
			productName = detok;
			productReference = 638AF74F28DEAC900092410C /* detok */;
			productType = "com.apple.product-type.tool";
		};
/* End PBXNativeTarget section */

/* Begin PBXProject section */
		638AF74728DEAC900092410C /* Project object */ = {
			isa = PBXProject;
			attributes = {
				BuildIndependentTargetsInParallel = 1;
				LastUpgradeCheck = 1340;
				TargetAttributes = {
					638AF74E28DEAC900092410C = {
						CreatedOnToolsVersion = 13.4.1;
					};
				};
			};
			buildConfigurationList = 638AF74A28DEAC900092410C /* Build configuration list for PBXProject "detok" */;
			compatibilityVersion = "Xcode 13.0";
			developmentRegion = en;
			hasScannedForEncodings = 0;
			knownRegions = (
				en,
				Base,
			);
			mainGroup = 638AF74628DEAC900092410C;
			productRefGroup = 638AF75028DEAC900092410C /* Products */;
			projectDirPath = "";
			projectRoot = "";
			targets = (
				638AF74E28DEAC900092410C /* detok */,
			);
		};
/* End PBXProject section */

/* Begin PBXSourcesBuildPhase section */
		638AF74B28DEAC900092410C /* Sources */ = {
			isa = PBXSourcesBuildPhase;
			buildActionMask = 2147483647;
			files = (
				6365363C2A0E0B26004E7E65 /* macrom.cpp in Sources */,
				638AF76128DEACE50092410C /* decode.cpp in Sources */,
				638AF76228DEACE50092410C /* dictionary.cpp in Sources */,
				638AF76328DEACE50092410C /* detok.cpp in Sources */,
				63245C7328EFEB7700C0801C /* stack.cpp in Sources */,
				638AF76428DEACE50092410C /* stream.cpp in Sources */,
			);
			runOnlyForDeploymentPostprocessing = 0;
		};
/* End PBXSourcesBuildPhase section */

/* Begin XCBuildConfiguration section */
		638AF75428DEAC900092410C /* Debug */ = {
			isa = XCBuildConfiguration;
			buildSettings = {
				CLANG_ANALYZER_NONNULL = YES;
				CLANG_ENABLE_MODULES = YES;
				CLANG_ENABLE_OBJC_ARC = YES;
				CLANG_ENABLE_OBJC_WEAK = YES;
				CLANG_WARN_BLOCK_CAPTURE_AUTORELEASING = YES;
				CLANG_WARN_BOOL_CONVERSION = YES;
				CLANG_WARN_COMMA = YES;
				CLANG_WARN_CONSTANT_CONVERSION = YES;
				CLANG_WARN_EMPTY_BODY = YES;
				CLANG_WARN_ENUM_CONVERSION = YES;
				CLANG_WARN_INFINITE_RECURSION = YES;
				CLANG_WARN_INT_CONVERSION = YES;
				CLANG_WARN_NON_LITERAL_NULL_CONVERSION = YES;
				CLANG_WARN_QUOTED_INCLUDE_IN_FRAMEWORK_HEADER = YES;
				CLANG_WARN_STRICT_PROTOTYPES = YES;
				CLANG_WARN_UNGUARDED_AVAILABILITY = YES_AGGRESSIVE;
				CLANG_WARN_UNREACHABLE_CODE = YES;
				COPY_PHASE_STRIP = NO;
				DEBUG_INFORMATION_FORMAT = dwarf;
				ENABLE_STRICT_OBJC_MSGSEND = YES;
				ENABLE_TESTABILITY = YES;
				GCC_NO_COMMON_BLOCKS = YES;
				GCC_OPTIMIZATION_LEVEL = 0;
				GCC_PREPROCESSOR_DEFINITIONS = (
					"DEBUG=1",
					USEDISASSEMBLER,
					LONGOPT,
					USECAPSTONE,
					"$(inherited)",
				);
				GCC_WARN_64_TO_32_BIT_CONVERSION = YES;
				GCC_WARN_ABOUT_RETURN_TYPE = YES_ERROR;
				GCC_WARN_UNINITIALIZED_AUTOS = YES_AGGRESSIVE;
				GCC_WARN_UNUSED_FUNCTION = YES;
				GCC_WARN_UNUSED_VARIABLE = YES;
				HEADER_SEARCH_PATHS = "";
				LIBRARY_SEARCH_PATHS = "";
				MACOSX_DEPLOYMENT_TARGET = 10.13;
				ONLY_ACTIVE_ARCH = YES;
				SDKROOT = macosx;
			};
			name = Debug;
		};
		638AF75528DEAC900092410C /* Release */ = {
			isa = XCBuildConfiguration;
			buildSettings = {
				CLANG_ANALYZER_NONNULL = YES;
				CLANG_ENABLE_MODULES = YES;
				CLANG_ENABLE_OBJC_ARC = YES;
				CLANG_ENABLE_OBJC_WEAK = YES;
				CLANG_WARN_BLOCK_CAPTURE_AUTORELEASING = YES;
				CLANG_WARN_BOOL_CONVERSION = YES;
				CLANG_WARN_COMMA = YES;
				CLANG_WARN_CONSTANT_CONVERSION = YES;
				CLANG_WARN_EMPTY_BODY = YES;
				CLANG_WARN_ENUM_CONVERSION = YES;
				CLANG_WARN_INFINITE_RECURSION = YES;
				CLANG_WARN_INT_CONVERSION = YES;
				CLANG_WARN_NON_LITERAL_NULL_CONVERSION = YES;
				CLANG_WARN_QUOTED_INCLUDE_IN_FRAMEWORK_HEADER = YES;
				CLANG_WARN_STRICT_PROTOTYPES = YES;
				CLANG_WARN_UNGUARDED_AVAILABILITY = YES_AGGRESSIVE;
				CLANG_WARN_UNREACHABLE_CODE = YES;
				COPY_PHASE_STRIP = NO;
				DEBUG_INFORMATION_FORMAT = "dwarf-with-dsym";
				ENABLE_NS_ASSERTIONS = NO;
				ENABLE_STRICT_OBJC_MSGSEND = YES;
				GCC_NO_COMMON_BLOCKS = YES;
				GCC_PREPROCESSOR_DEFINITIONS = (
					USEDISASSEMBLER,
					LONGOPT,
					USECAPSTONE,
					"$(inherited)",
				);
				GCC_WARN_64_TO_32_BIT_CONVERSION = YES;
				GCC_WARN_ABOUT_RETURN_TYPE = YES_ERROR;
				GCC_WARN_UNINITIALIZED_AUTOS = YES_AGGRESSIVE;
				GCC_WARN_UNUSED_FUNCTION = YES;
				GCC_WARN_UNUSED_VARIABLE = YES;
				HEADER_SEARCH_PATHS = "";
				LIBRARY_SEARCH_PATHS = "";
				MACOSX_DEPLOYMENT_TARGET = 10.13;
				SDKROOT = macosx;
			};
			name = Release;
		};
		638AF75728DEAC900092410C /* Debug */ = {
			isa = XCBuildConfiguration;
			buildSettings = {
				HEADER_SEARCH_PATHS = /usr/local/include;
				LIBRARY_SEARCH_PATHS = (
					"$(inherited)",
					/usr/local/lib,
				);
				OTHER_CFLAGS = "-Wall";
				OTHER_LDFLAGS = "-lcapstone";
				PRODUCT_NAME = "$(TARGET_NAME)";
			};
			name = Debug;
		};
		638AF75828DEAC900092410C /* Release */ = {
			isa = XCBuildConfiguration;
			buildSettings = {
				HEADER_SEARCH_PATHS = /usr/local/include;
				LIBRARY_SEARCH_PATHS = (
					"$(inherited)",
					/usr/local/lib,
				);
				OTHER_CFLAGS = "-Wall";
				OTHER_LDFLAGS = "-lcapstone";
				PRODUCT_NAME = "$(TARGET_NAME)";
			};
			name = Release;
		};
/* End XCBuildConfiguration section */

/* Begin XCConfigurationList section */
		638AF74A28DEAC900092410C /* Build configuration list for PBXProject "detok" */ = {
			isa = XCConfigurationList;
			buildConfigurations = (
				638AF75428DEAC900092410C /* Debug */,
				638AF75528DEAC900092410C /* Release */,
			);
			defaultConfigurationIsVisible = 0;
			defaultConfigurationName = Release;
		};
		638AF75628DEAC900092410C /* Build configuration list for PBXNativeTarget "detok" */ = {
			isa = XCConfigurationList;
			buildConfigurations = (
				638AF75728DEAC900092410C /* Debug */,
				638AF75828DEAC900092410C /* Release */,
			);
			defaultConfigurationIsVisible = 0;
			defaultConfigurationName = Release;
		};
/* End XCConfigurationList section */
	};
	rootObject = 638AF74728DEAC900092410C /* Project object */;
}
